{
  "name": "Datastax",
  "version": "1.0.0",
  "lockfileVersion": 2,
  "requires": true,
  "packages": {
    "": {
      "name": "Datastax",
      "version": "1.0.0",
      "dependencies": {
        "antlr4": "^4.8.0",
        "cassandra-driver": "^4.7.2",
        "fast-xml-parser": "^4.1.2",
        "jks-js": "^1.0.0",
        "tunnel-ssh": "github:hackolade/tunnel-ssh"
      }
    },
    "node_modules/@types/long": {
      "version": "5.0.0",
      "resolved": "https://registry.npmjs.org/@types/long/-/long-5.0.0.tgz",
      "integrity": "sha512-eQs9RsucA/LNjnMoJvWG/nXa7Pot/RbBzilF/QRIU/xRl+0ApxrSUFsV5lmf01SvSlqMzJ7Zwxe440wmz2SJGA==",
      "deprecated": "This is a stub types definition. long provides its own type definitions, so you do not need this installed.",
      "dependencies": {
        "long": "*"
      }
    },
    "node_modules/@types/node": {
      "version": "20.10.5",
      "resolved": "https://registry.npmjs.org/@types/node/-/node-20.10.5.tgz",
      "integrity": "sha512-nNPsNE65wjMxEKI93yOP+NPGGBJz/PoN3kZsVLee0XMiJolxSekEVD8wRwBUBqkwc7UWop0edW50yrCQW4CyRw==",
      "dependencies": {
        "undici-types": "~5.26.4"
      }
    },
    "node_modules/adm-zip": {
      "version": "0.5.10",
      "resolved": "https://registry.npmjs.org/adm-zip/-/adm-zip-0.5.10.tgz",
      "integrity": "sha512-x0HvcHqVJNTPk/Bw8JbLWlWoo6Wwnsug0fnYYro1HBrjxZ3G7/AZk7Ahv8JwDe1uIcz8eBqvu86FuF1POiG7vQ==",
      "engines": {
        "node": ">=6.0"
      }
    },
    "node_modules/antlr4": {
      "version": "4.8.0",
      "integrity": "sha512-en/MxQ4OkPgGJQ3wD/muzj1uDnFSzdFIhc2+c6bHZokWkuBb6RRvFjpWhPxWLbgQvaEzldJZ0GSQpfSAaE3hqg=="
    },
    "node_modules/asn1": {
      "version": "0.2.4",
      "integrity": "sha512-jxwzQpLQjSmWXgwaCZE9Nz+glAG01yF1QnWgbhGwHI5A6FRIEY6IVqtHhIepHqI7/kyEyQEagBC5mBEFlIYvdg==",
      "dependencies": {
        "safer-buffer": "~2.1.0"
      }
    },
    "node_modules/bcrypt-pbkdf": {
      "version": "1.0.2",
      "resolved": "https://registry.npmjs.org/bcrypt-pbkdf/-/bcrypt-pbkdf-1.0.2.tgz",
      "integrity": "sha1-pDAdOJtqQ/m2f/PKEaP2Y342Dp4=",
      "dependencies": {
        "tweetnacl": "^0.14.3"
      }
    },
    "node_modules/cassandra-driver": {
      "version": "4.7.2",
      "resolved": "https://registry.npmjs.org/cassandra-driver/-/cassandra-driver-4.7.2.tgz",
      "integrity": "sha512-gwl1DeYvL8Wy3i1GDMzFtpUg5G473fU7EnHFZj7BUtdLB7loAfgZgB3zBhROc9fbaDSUDs6YwOPPojS5E1kbSA==",
      "dependencies": {
        "@types/long": "~5.0.0",
        "@types/node": ">=8",
        "adm-zip": "~0.5.10",
        "long": "~5.2.3"
      },
      "engines": {
        "node": ">=16"
      }
    },
    "node_modules/debug": {
      "version": "2.6.9",
      "integrity": "sha512-bC7ElrdJaJnPbAP+1EotYvqZsb3ecl5wi6Bfi6BJTUcNowp6cvspg0jXznRTKDjm/E7AdgFBVeAPVMNcKGsHMA==",
      "dependencies": {
        "ms": "2.0.0"
      }
    },
    "node_modules/fast-xml-parser": {
      "version": "4.1.2",
      "resolved": "https://registry.npmjs.org/fast-xml-parser/-/fast-xml-parser-4.1.2.tgz",
      "integrity": "sha512-CDYeykkle1LiA/uqQyNwYpFbyF6Axec6YapmpUP+/RHWIoR1zKjocdvNaTsxCxZzQ6v9MLXaSYm9Qq0thv0DHg==",
      "dependencies": {
        "strnum": "^1.0.5"
      },
      "bin": {
        "fxparser": "src/cli/cli.js"
      },
      "funding": {
        "type": "paypal",
        "url": "https://paypal.me/naturalintelligence"
      }
    },
    "node_modules/jks-js": {
      "version": "1.0.0",
      "integrity": "sha512-0ocOpotBAJNz3ajlflj39DG9Cs96SCx3qtNPHJyUTXD5pk8/cQRfR5BSyPhcTHGKe2sxfT18WGiINtLqi/W64g==",
      "dependencies": {
        "node-forge": "^0.10.0",
        "node-int64": "^0.4.0",
        "node-rsa": "^1.0.7"
      }
    },
    "node_modules/lodash.defaults": {
      "version": "4.2.0",
      "integrity": "sha1-0JF4cW/+pN3p5ft7N/bwgCJ0WAw="
    },
    "node_modules/long": {
      "version": "5.2.3",
      "resolved": "https://registry.npmjs.org/long/-/long-5.2.3.tgz",
      "integrity": "sha512-lcHwpNoggQTObv5apGNCTdJrO69eHOZMi4BNC+rTLER8iHAqGrUVeLh/irVIM7zTw2bOXA8T6uNPeujwOLg/2Q=="
    },
    "node_modules/ms": {
      "version": "2.0.0",
      "integrity": "sha1-VgiurfwAvmwpAd9fmGF4jeDVl8g="
    },
    "node_modules/node-forge": {
      "version": "0.10.0",
      "integrity": "sha512-PPmu8eEeG9saEUvI97fm4OYxXVB6bFvyNTyiUOBichBpFG8A1Ljw3bY62+5oOjDEMHRnd0Y7HQ+x7uzxOzC6JA==",
      "engines": {
        "node": ">= 6.0.0"
      }
    },
    "node_modules/node-int64": {
      "version": "0.4.0",
      "integrity": "sha1-h6kGXNs1XTGC2PlM4RGIuCXGijs="
    },
    "node_modules/node-rsa": {
      "version": "1.1.1",
      "integrity": "sha512-Jd4cvbJMryN21r5HgxQOpMEqv+ooke/korixNNK3mGqfGJmy0M77WDDzo/05969+OkMy3XW1UuZsSmW9KQm7Fw==",
      "dependencies": {
        "asn1": "^0.2.4"
      }
    },
    "node_modules/safer-buffer": {
      "version": "2.1.2",
      "integrity": "sha512-YZo3K82SD7Riyi0E1EQPojLz7kpepnSQI9IyPbHHg1XXXevb5dJI7tpyN2ADxGcQbHG7vcyRHk0cbwqcQriUtg=="
    },
    "node_modules/ssh2": {
      "version": "1.4.0",
      "resolved": "https://registry.npmjs.org/ssh2/-/ssh2-1.4.0.tgz",
      "integrity": "sha512-XvXwcXKvS452DyQvCa6Ct+chpucwc/UyxgliYz+rWXJ3jDHdtBb9xgmxJdMmnIn5bpgGAEV3KaEsH98ZGPHqwg==",
      "hasInstallScript": true,
      "dependencies": {
        "asn1": "^0.2.4",
        "bcrypt-pbkdf": "^1.0.2"
      },
      "engines": {
        "node": ">=10.16.0"
      },
      "optionalDependencies": {
        "cpu-features": "0.0.2",
        "nan": "^2.15.0"
      }
    },
    "node_modules/strnum": {
      "version": "1.0.5",
      "resolved": "https://registry.npmjs.org/strnum/-/strnum-1.0.5.tgz",
      "integrity": "sha512-J8bbNyKKXl5qYcR36TIO8W3mVGVHrmmxsd5PAItGkmyzwJvybiw2IVq5nqd0i4LSNSkB/sx9VHllbfFdr9k1JA=="
    },
    "node_modules/tunnel-ssh": {
      "version": "4.1.5",
      "resolved": "git+ssh://git@github.com/hackolade/tunnel-ssh.git#e3dec106b0a3347f015f1fca4755ec0eaf880e21",
      "license": "MIT",
      "dependencies": {
        "debug": "2.6.9",
        "lodash.defaults": "^4.1.0",
        "ssh2": "1.4.0"
      }
    },
    "node_modules/tweetnacl": {
      "version": "0.14.5",
      "resolved": "https://registry.npmjs.org/tweetnacl/-/tweetnacl-0.14.5.tgz",
      "integrity": "sha1-WuaBd/GS1EViadEIr6k/+HQ/T2Q="
    },
    "node_modules/undici-types": {
      "version": "5.26.5",
      "resolved": "https://registry.npmjs.org/undici-types/-/undici-types-5.26.5.tgz",
      "integrity": "sha512-JlCMO+ehdEIKqlFxk6IfVoAUVmgz7cU7zD/h9XZ0qzeosSHmUJVOzSQvvYSYWXkFXC+IfLKSIffhv0sVZup6pA=="
    }
  },
  "dependencies": {
    "@types/long": {
      "version": "5.0.0",
      "resolved": "https://registry.npmjs.org/@types/long/-/long-5.0.0.tgz",
      "integrity": "sha512-eQs9RsucA/LNjnMoJvWG/nXa7Pot/RbBzilF/QRIU/xRl+0ApxrSUFsV5lmf01SvSlqMzJ7Zwxe440wmz2SJGA==",
      "requires": {
        "long": "*"
      }
    },
    "@types/node": {
      "version": "20.10.5",
      "resolved": "https://registry.npmjs.org/@types/node/-/node-20.10.5.tgz",
      "integrity": "sha512-nNPsNE65wjMxEKI93yOP+NPGGBJz/PoN3kZsVLee0XMiJolxSekEVD8wRwBUBqkwc7UWop0edW50yrCQW4CyRw==",
      "requires": {
        "undici-types": "~5.26.4"
      }
    },
    "adm-zip": {
      "version": "0.5.10",
      "resolved": "https://registry.npmjs.org/adm-zip/-/adm-zip-0.5.10.tgz",
      "integrity": "sha512-x0HvcHqVJNTPk/Bw8JbLWlWoo6Wwnsug0fnYYro1HBrjxZ3G7/AZk7Ahv8JwDe1uIcz8eBqvu86FuF1POiG7vQ=="
    },
    "antlr4": {
      "version": "4.8.0",
      "integrity": "sha512-en/MxQ4OkPgGJQ3wD/muzj1uDnFSzdFIhc2+c6bHZokWkuBb6RRvFjpWhPxWLbgQvaEzldJZ0GSQpfSAaE3hqg=="
    },
    "asn1": {
      "version": "0.2.4",
      "integrity": "sha512-jxwzQpLQjSmWXgwaCZE9Nz+glAG01yF1QnWgbhGwHI5A6FRIEY6IVqtHhIepHqI7/kyEyQEagBC5mBEFlIYvdg==",
      "requires": {
        "safer-buffer": "~2.1.0"
      }
    },
    "bcrypt-pbkdf": {
      "version": "1.0.2",
      "resolved": "https://registry.npmjs.org/bcrypt-pbkdf/-/bcrypt-pbkdf-1.0.2.tgz",
      "integrity": "sha1-pDAdOJtqQ/m2f/PKEaP2Y342Dp4=",
      "requires": {
        "tweetnacl": "^0.14.3"
      }
    },
    "cassandra-driver": {
      "version": "4.7.2",
      "resolved": "https://registry.npmjs.org/cassandra-driver/-/cassandra-driver-4.7.2.tgz",
      "integrity": "sha512-gwl1DeYvL8Wy3i1GDMzFtpUg5G473fU7EnHFZj7BUtdLB7loAfgZgB3zBhROc9fbaDSUDs6YwOPPojS5E1kbSA==",
      "requires": {
        "@types/long": "~5.0.0",
        "@types/node": ">=8",
        "adm-zip": "~0.5.10",
        "long": "~5.2.3"
      }
    },
    "debug": {
      "version": "2.6.9",
      "integrity": "sha512-bC7ElrdJaJnPbAP+1EotYvqZsb3ecl5wi6Bfi6BJTUcNowp6cvspg0jXznRTKDjm/E7AdgFBVeAPVMNcKGsHMA==",
      "requires": {
        "ms": "2.0.0"
      }
    },
    "fast-xml-parser": {
      "version": "4.1.2",
      "resolved": "https://registry.npmjs.org/fast-xml-parser/-/fast-xml-parser-4.1.2.tgz",
      "integrity": "sha512-CDYeykkle1LiA/uqQyNwYpFbyF6Axec6YapmpUP+/RHWIoR1zKjocdvNaTsxCxZzQ6v9MLXaSYm9Qq0thv0DHg==",
      "requires": {
        "strnum": "^1.0.5"
      }
    },
    "jks-js": {
      "version": "1.0.0",
      "integrity": "sha512-0ocOpotBAJNz3ajlflj39DG9Cs96SCx3qtNPHJyUTXD5pk8/cQRfR5BSyPhcTHGKe2sxfT18WGiINtLqi/W64g==",
      "requires": {
        "node-forge": "^0.10.0",
        "node-int64": "^0.4.0",
        "node-rsa": "^1.0.7"
      }
    },
    "lodash.defaults": {
      "version": "4.2.0",
      "integrity": "sha1-0JF4cW/+pN3p5ft7N/bwgCJ0WAw="
    },
    "long": {
      "version": "5.2.3",
      "resolved": "https://registry.npmjs.org/long/-/long-5.2.3.tgz",
      "integrity": "sha512-lcHwpNoggQTObv5apGNCTdJrO69eHOZMi4BNC+rTLER8iHAqGrUVeLh/irVIM7zTw2bOXA8T6uNPeujwOLg/2Q=="
    },
    "ms": {
      "version": "2.0.0",
      "integrity": "sha1-VgiurfwAvmwpAd9fmGF4jeDVl8g="
    },
    "node-forge": {
      "version": "0.10.0",
      "integrity": "sha512-PPmu8eEeG9saEUvI97fm4OYxXVB6bFvyNTyiUOBichBpFG8A1Ljw3bY62+5oOjDEMHRnd0Y7HQ+x7uzxOzC6JA=="
    },
    "node-int64": {
      "version": "0.4.0",
      "integrity": "sha1-h6kGXNs1XTGC2PlM4RGIuCXGijs="
    },
    "node-rsa": {
      "version": "1.1.1",
      "integrity": "sha512-Jd4cvbJMryN21r5HgxQOpMEqv+ooke/korixNNK3mGqfGJmy0M77WDDzo/05969+OkMy3XW1UuZsSmW9KQm7Fw==",
      "requires": {
        "asn1": "^0.2.4"
      }
    },
    "safer-buffer": {
      "version": "2.1.2",
      "integrity": "sha512-YZo3K82SD7Riyi0E1EQPojLz7kpepnSQI9IyPbHHg1XXXevb5dJI7tpyN2ADxGcQbHG7vcyRHk0cbwqcQriUtg=="
    },
    "ssh2": {
      "version": "1.4.0",
      "resolved": "https://registry.npmjs.org/ssh2/-/ssh2-1.4.0.tgz",
      "integrity": "sha512-XvXwcXKvS452DyQvCa6Ct+chpucwc/UyxgliYz+rWXJ3jDHdtBb9xgmxJdMmnIn5bpgGAEV3KaEsH98ZGPHqwg==",
      "requires": {
        "asn1": "^0.2.4",
        "bcrypt-pbkdf": "^1.0.2",
        "cpu-features": "0.0.2",
        "nan": "^2.15.0"
      }
    },
    "strnum": {
      "version": "1.0.5",
      "resolved": "https://registry.npmjs.org/strnum/-/strnum-1.0.5.tgz",
      "integrity": "sha512-J8bbNyKKXl5qYcR36TIO8W3mVGVHrmmxsd5PAItGkmyzwJvybiw2IVq5nqd0i4LSNSkB/sx9VHllbfFdr9k1JA=="
    },
    "tunnel-ssh": {
      "version": "git+ssh://git@github.com/hackolade/tunnel-ssh.git#e3dec106b0a3347f015f1fca4755ec0eaf880e21",
      "from": "tunnel-ssh@github:hackolade/tunnel-ssh",
      "requires": {
        "debug": "2.6.9",
        "lodash.defaults": "^4.1.0",
        "ssh2": "1.4.0"
      }
    },
    "tweetnacl": {
      "version": "0.14.5",
      "resolved": "https://registry.npmjs.org/tweetnacl/-/tweetnacl-0.14.5.tgz",
      "integrity": "sha1-WuaBd/GS1EViadEIr6k/+HQ/T2Q="
    },
    "undici-types": {
      "version": "5.26.5",
      "resolved": "https://registry.npmjs.org/undici-types/-/undici-types-5.26.5.tgz",
      "integrity": "sha512-JlCMO+ehdEIKqlFxk6IfVoAUVmgz7cU7zD/h9XZ0qzeosSHmUJVOzSQvvYSYWXkFXC+IfLKSIffhv0sVZup6pA=="
    }
  }
}
