{
  "name": "Datastax",
  "version": "1.0.0",
  "lockfileVersion": 1,
  "requires": true,
  "dependencies": {
    "async": {
      "version": "2.6.1",
      "resolved": "https://registry.npmjs.org/async/-/async-2.6.1.tgz",
      "integrity": "sha1-skWiPKcZMAROxT+kaqAKPofGphA=",
      "requires": {
        "lodash": "^4.17.10"
      }
    },
    "cassandra-driver": {
      "version": "3.5.0",
      "resolved": "https://registry.npmjs.org/cassandra-driver/-/cassandra-driver-3.5.0.tgz",
      "integrity": "sha512-CBdXA5roCZOvXElO+jTVWsa8W231fpYcGU+R1QQ1yO9O9dpXdZ7vkPpUfc+LO47Dyp67FNWYS+mm/q2ZMPJrZQ==",
      "requires": {
        "long": "^2.2.0"
      }
    },
    "lodash": {
      "version": "4.17.10",
      "resolved": "https://registry.npmjs.org/lodash/-/lodash-4.17.10.tgz",
      "integrity": "sha1-G3eTz3JZ6jj7NmHU04syYK+K5Oc="
    },
    "long": {
      "version": "2.4.0",
      "resolved": "https://registry.npmjs.org/long/-/long-2.4.0.tgz",
      "integrity": "sha1-n6GAux2VAM3CnEFWdmoZleH0Uk8="
    }
  }
}
